{
    "_readme": [
        "This file locks the dependencies of your project to a known state",
        "Read more about it at https://getcomposer.org/doc/01-basic-usage.md#composer-lock-the-lock-file",
        "This file is @generated automatically"
    ],
    "content-hash": "3f9492d0e4c05cec0e9d72ef368713a3",
    "packages": [
        {
            "name": "jfcherng/php-sequence-matcher",
            "version": "3.1.1",
            "source": {
                "type": "git",
                "url": "https://github.com/jfcherng/php-sequence-matcher.git",
                "reference": "11bc4f57e662da43295960cc6bddeceb819b0e5a"
            },
            "dist": {
                "type": "zip",
                "url": "https://api.github.com/repos/jfcherng/php-sequence-matcher/zipball/11bc4f57e662da43295960cc6bddeceb819b0e5a",
                "reference": "11bc4f57e662da43295960cc6bddeceb819b0e5a",
                "shasum": ""
            },
            "require": {
                "php": "^7.1.3"
            },
            "require-dev": {
                "friendsofphp/php-cs-fixer": "^2.14.1",
                "phan/phan": "^1.2",
                "phpunit/phpunit": "^7.2 || ^8.0"
            },
            "type": "library",
            "autoload": {
                "psr-4": {
                    "Jfcherng\\Diff\\": "src/"
                }
            },
            "notification-url": "https://packagist.org/downloads/",
            "license": [
                "BSD-3-Clause"
            ],
            "authors": [
                {
                    "name": "Jack Cherng",
                    "email": "jfcherng@gmail.com"
                },
                {
                    "name": "Chris Boulton",
                    "email": "chris.boulton@interspire.com"
                }
            ],
            "description": "A longest sequence matcher.",
            "time": "2019-02-22T14:44:28+00:00"
        }
    ],
    "packages-dev": [],
    "aliases": [],
    "minimum-stability": "stable",
    "stability-flags": [],
    "prefer-stable": false,
    "prefer-lowest": false,
    "platform": {
        "php": "^7.1.3"
    },
    "platform-dev": []
}
